
Microsoft Visual Studio Solution File, Format Version 12.00
# Visual Studio Version 16
VisualStudioVersion = 16.0.30611.23
MinimumVisualStudioVersion = 10.0.40219.1
Project("{2150E333-8FDC-42A3-9474-1A3956D46DE8}") = "App", "App", "{13803D4A-CDC7-4442-AFD8-3713FA6F1B4F}"
EndProject
Project("{FAE04EC0-301F-11D3-BF4B-00C04F79EFBC}") = "Api", "Api\Api.csproj", "{0752E0CF-9A70-4214-863E-2CBC568A8213}"
EndProject
Global
	GlobalSection(SolutionConfigurationPlatforms) = preSolution
		Debug|Any CPU = Debug|Any CPU
		Release|Any CPU = Release|Any CPU
	EndGlobalSection
	GlobalSection(ProjectConfigurationPlatforms) = postSolution
		{0752E0CF-9A70-4214-863E-2CBC568A8213}.Debug|Any CPU.ActiveCfg = Debug|Any CPU
		{0752E0CF-9A70-4214-863E-2CBC568A8213}.Debug|Any CPU.Build.0 = Debug|Any CPU
		{0752E0CF-9A70-4214-863E-2CBC568A8213}.Release|Any CPU.ActiveCfg = Release|Any CPU
		{0752E0CF-9A70-4214-863E-2CBC568A8213}.Release|Any CPU.Build.0 = Release|Any CPU
	EndGlobalSection
	GlobalSection(SolutionProperties) = preSolution
		HideSolutionNode = FALSE
	EndGlobalSection
	GlobalSection(NestedProjects) = preSolution
		{0752E0CF-9A70-4214-863E-2CBC568A8213} = {13803D4A-CDC7-4442-AFD8-3713FA6F1B4F}
	EndGlobalSection
	GlobalSection(ExtensibilityGlobals) = postSolution
		SolutionGuid = {A414C77E-D2F0-4AD5-A0FB-7599FCE8D3C3}
	EndGlobalSection
EndGlobal
